
Microsoft Visual Studio Solution File, Format Version 12.00
# Visual Studio 15
VisualStudioVersion = 15.0.26730.16
MinimumVisualStudioVersion = 10.0.40219.1
Project("{FAE04EC0-301F-11D3-BF4B-00C04F79EFBC}") = "MVC7Days_2", "MVC7Days_2\MVC7Days_2.csproj", "{26C474D6-E923-4946-95B7-C5AB60E54221}"
EndProject
Global
	GlobalSection(SolutionConfigurationPlatforms) = preSolution
		Debug|Any CPU = Debug|Any CPU
		Release|Any CPU = Release|Any CPU
	EndGlobalSection
	GlobalSection(ProjectConfigurationPlatforms) = postSolution
		{26C474D6-E923-4946-95B7-C5AB60E54221}.Debug|Any CPU.ActiveCfg = Debug|Any CPU
		{26C474D6-E923-4946-95B7-C5AB60E54221}.Debug|Any CPU.Build.0 = Debug|Any CPU
		{26C474D6-E923-4946-95B7-C5AB60E54221}.Release|Any CPU.ActiveCfg = Release|Any CPU
		{26C474D6-E923-4946-95B7-C5AB60E54221}.Release|Any CPU.Build.0 = Release|Any CPU
	EndGlobalSection
	GlobalSection(SolutionProperties) = preSolution
		HideSolutionNode = FALSE
	EndGlobalSection
	GlobalSection(ExtensibilityGlobals) = postSolution
		SolutionGuid = {176293E1-5E1F-4D97-ADF9-2E96CFA05161}
	EndGlobalSection
EndGlobal
